// !$*UTF8*$!
{
	archiveVersion = 1;
	classes = {
	};
	objectVersion = 56;
	objects = {

/* Begin PBXBuildFile section */
		013127262B46448800483E9F /* ReportView.swift in Sources */ = {isa = PBXBuildFile; fileRef = 013127252B46448800483E9F /* ReportView.swift */; };
		013127282B4674B600483E9F /* Textarea.swift in Sources */ = {isa = PBXBuildFile; fileRef = 013127272B4674B600483E9F /* Textarea.swift */; };
		014CB56E2B468A3B0016DF70 /* BackButton.swift in Sources */ = {isa = PBXBuildFile; fileRef = 014CB56D2B468A3B0016DF70 /* BackButton.swift */; };
		014CB5702B468DD90016DF70 /* SelectBox.swift in Sources */ = {isa = PBXBuildFile; fileRef = 014CB56F2B468DD90016DF70 /* SelectBox.swift */; };
		014CB5762B46A2B50016DF70 /* Report.swift in Sources */ = {isa = PBXBuildFile; fileRef = 014CB5752B46A2B50016DF70 /* Report.swift */; };
		01E6A6352B467FE80061F08C /* MainTabView.swift in Sources */ = {isa = PBXBuildFile; fileRef = 01E6A6342B467FE80061F08C /* MainTabView.swift */; };
		01E6A6392B46813E0061F08C /* LoginView.swift in Sources */ = {isa = PBXBuildFile; fileRef = 01E6A6382B46813E0061F08C /* LoginView.swift */; };
		01E6A6402B4681DC0061F08C /* MypageView.swift in Sources */ = {isa = PBXBuildFile; fileRef = 01E6A63F2B4681DC0061F08C /* MypageView.swift */; };
		01E6A6432B4683090061F08C /* PostView.swift in Sources */ = {isa = PBXBuildFile; fileRef = 01E6A6422B4683090061F08C /* PostView.swift */; };
		6A600F882B551613004A44D0 /* MemoView.swift in Sources */ = {isa = PBXBuildFile; fileRef = 6A600F832B551613004A44D0 /* MemoView.swift */; };
		6A600F892B551613004A44D0 /* MemoCell.swift in Sources */ = {isa = PBXBuildFile; fileRef = 6A600F842B551613004A44D0 /* MemoCell.swift */; };
		6A600F8A2B551613004A44D0 /* SelectPhotos.swift in Sources */ = {isa = PBXBuildFile; fileRef = 6A600F852B551613004A44D0 /* SelectPhotos.swift */; };
		6A600F8B2B551613004A44D0 /* SelectTagView.swift in Sources */ = {isa = PBXBuildFile; fileRef = 6A600F862B551613004A44D0 /* SelectTagView.swift */; };
		6A600F8C2B551613004A44D0 /* FindAddressView.swift in Sources */ = {isa = PBXBuildFile; fileRef = 6A600F872B551613004A44D0 /* FindAddressView.swift */; };
		6A600F8F2B55161E004A44D0 /* PostViewModel.swift in Sources */ = {isa = PBXBuildFile; fileRef = 6A600F8E2B55161E004A44D0 /* PostViewModel.swift */; };
		6A600F902B551799004A44D0 /* Pretendard-Light.otf in Resources */ = {isa = PBXBuildFile; fileRef = DA7894022B43F5BF00DC3771 /* Pretendard-Light.otf */; };
		6A600F912B551799004A44D0 /* Pretendard-Bold.otf in Resources */ = {isa = PBXBuildFile; fileRef = DA7894002B43F5BF00DC3771 /* Pretendard-Bold.otf */; };
		6A600F922B551799004A44D0 /* Pretendard-Medium.otf in Resources */ = {isa = PBXBuildFile; fileRef = DA7893FB2B43F5BF00DC3771 /* Pretendard-Medium.otf */; };
		6A600F932B551799004A44D0 /* Pretendard-Black.otf in Resources */ = {isa = PBXBuildFile; fileRef = DA7893FC2B43F5BF00DC3771 /* Pretendard-Black.otf */; };
		6A600F942B551799004A44D0 /* Pretendard-ExtraBold.otf in Resources */ = {isa = PBXBuildFile; fileRef = DA7893FE2B43F5BF00DC3771 /* Pretendard-ExtraBold.otf */; };
		6A600F952B551799004A44D0 /* Pretendard-ExtraLight.otf in Resources */ = {isa = PBXBuildFile; fileRef = DA7893FD2B43F5BF00DC3771 /* Pretendard-ExtraLight.otf */; };
		6A600F962B551799004A44D0 /* Pretendard-Regular.otf in Resources */ = {isa = PBXBuildFile; fileRef = DA7893FF2B43F5BF00DC3771 /* Pretendard-Regular.otf */; };
		6A600F972B551799004A44D0 /* Pretendard-SemiBold.otf in Resources */ = {isa = PBXBuildFile; fileRef = DA7894032B43F5BF00DC3771 /* Pretendard-SemiBold.otf */; };
		6A600F982B551799004A44D0 /* Pretendard-Thin.otf in Resources */ = {isa = PBXBuildFile; fileRef = DA7894012B43F5BF00DC3771 /* Pretendard-Thin.otf */; };
		6A600F9A2B55201F004A44D0 /* MemoListCell.swift in Sources */ = {isa = PBXBuildFile; fileRef = 6A600F992B55201F004A44D0 /* MemoListCell.swift */; };
		6A600F9C2B552439004A44D0 /* Color+Extensions.swift in Sources */ = {isa = PBXBuildFile; fileRef = 6A600F9B2B552439004A44D0 /* Color+Extensions.swift */; };
		6A7BA0462B51050F00BEE111 /* SettingView.swift in Sources */ = {isa = PBXBuildFile; fileRef = 6A7BA0452B51050F00BEE111 /* SettingView.swift */; };
		6A7BA0482B51052E00BEE111 /* SettingMenuCell.swift in Sources */ = {isa = PBXBuildFile; fileRef = 6A7BA0472B51052E00BEE111 /* SettingMenuCell.swift */; };
		6A7BA04B2B51055700BEE111 /* WithdrawalView.swift in Sources */ = {isa = PBXBuildFile; fileRef = 6A7BA04A2B51055700BEE111 /* WithdrawalView.swift */; };
		6A7BA04E2B5105DC00BEE111 /* MypageViewModel.swift in Sources */ = {isa = PBXBuildFile; fileRef = 6A7BA04D2B5105DC00BEE111 /* MypageViewModel.swift */; };
		6A7BA0502B51060300BEE111 /* MemoList.swift in Sources */ = {isa = PBXBuildFile; fileRef = 6A7BA04F2B51060300BEE111 /* MemoList.swift */; };
		6AEF59162B56136E00A78D36 /* String+Extensions.swift in Sources */ = {isa = PBXBuildFile; fileRef = 6AEF59152B56136E00A78D36 /* String+Extensions.swift */; };
		6AEF59182B561EE000A78D36 /* SettingViewModel.swift in Sources */ = {isa = PBXBuildFile; fileRef = 6AEF59172B561EE000A78D36 /* SettingViewModel.swift */; };
		9D9D40CB2B4C184F00E9AA76 /* RegisterView.swift in Sources */ = {isa = PBXBuildFile; fileRef = 9D9D40CA2B4C184F00E9AA76 /* RegisterView.swift */; };
		DA131A482B4AB19700743FD0 /* MemoModel.swift in Sources */ = {isa = PBXBuildFile; fileRef = DA131A472B4AB19700743FD0 /* MemoModel.swift */; };
		DA131A4C2B4BD4BA00743FD0 /* MapViewModelTest.swift in Sources */ = {isa = PBXBuildFile; fileRef = DA131A4B2B4BD4BA00743FD0 /* MapViewModelTest.swift */; };
		DA131A4E2B4BE0ED00743FD0 /* CornerShape.swift in Sources */ = {isa = PBXBuildFile; fileRef = DA131A4D2B4BE0ED00743FD0 /* CornerShape.swift */; };
		DA6F57702B4A80B2002DB94A /* MapViewRepresentable.swift in Sources */ = {isa = PBXBuildFile; fileRef = DA6F576F2B4A80B2002DB94A /* MapViewRepresentable.swift */; };
		DA7894052B43F61F00DC3771 /* Fonts+Extensions.swift in Sources */ = {isa = PBXBuildFile; fileRef = DA7894042B43F61F00DC3771 /* Fonts+Extensions.swift */; };
		DA78940B2B44090400DC3771 /* MainMapView.swift in Sources */ = {isa = PBXBuildFile; fileRef = DA78940A2B44090400DC3771 /* MainMapView.swift */; };
		DA78940D2B44094700DC3771 /* MainMapViewModel.swift in Sources */ = {isa = PBXBuildFile; fileRef = DA78940C2B44094700DC3771 /* MainMapViewModel.swift */; };
		DAB3154B2B43EFDB000357C7 /* MyMemoryApp.swift in Sources */ = {isa = PBXBuildFile; fileRef = DAB3154A2B43EFDB000357C7 /* MyMemoryApp.swift */; };
		DAB3154F2B43EFDD000357C7 /* Assets.xcassets in Resources */ = {isa = PBXBuildFile; fileRef = DAB3154E2B43EFDD000357C7 /* Assets.xcassets */; };
		DAB315522B43EFDD000357C7 /* Preview Assets.xcassets in Resources */ = {isa = PBXBuildFile; fileRef = DAB315512B43EFDD000357C7 /* Preview Assets.xcassets */; };
		DAB3155C2B43EFDD000357C7 /* MyMemoryTests.swift in Sources */ = {isa = PBXBuildFile; fileRef = DAB3155B2B43EFDD000357C7 /* MyMemoryTests.swift */; };
		DAB315662B43EFDD000357C7 /* MyMemoryUITests.swift in Sources */ = {isa = PBXBuildFile; fileRef = DAB315652B43EFDD000357C7 /* MyMemoryUITests.swift */; };
		DAB315682B43EFDD000357C7 /* MyMemoryUITestsLaunchTests.swift in Sources */ = {isa = PBXBuildFile; fileRef = DAB315672B43EFDD000357C7 /* MyMemoryUITestsLaunchTests.swift */; };
		DAB315752B43F440000357C7 /* GoogleService-Info.plist in Resources */ = {isa = PBXBuildFile; fileRef = DAB315742B43F440000357C7 /* GoogleService-Info.plist */; };
		DAB315782B43F48C000357C7 /* FirebaseAnalyticsWithoutAdIdSupport in Frameworks */ = {isa = PBXBuildFile; productRef = DAB315772B43F48C000357C7 /* FirebaseAnalyticsWithoutAdIdSupport */; };
		DAB3157A2B43F48C000357C7 /* FirebaseAppDistribution-Beta in Frameworks */ = {isa = PBXBuildFile; productRef = DAB315792B43F48C000357C7 /* FirebaseAppDistribution-Beta */; };
		DAB3157C2B43F48C000357C7 /* FirebaseAuth in Frameworks */ = {isa = PBXBuildFile; productRef = DAB3157B2B43F48C000357C7 /* FirebaseAuth */; };
		DAB3157E2B43F48C000357C7 /* FirebaseDatabase in Frameworks */ = {isa = PBXBuildFile; productRef = DAB3157D2B43F48C000357C7 /* FirebaseDatabase */; };
		DAB315802B43F48C000357C7 /* FirebaseFirestore in Frameworks */ = {isa = PBXBuildFile; productRef = DAB3157F2B43F48C000357C7 /* FirebaseFirestore */; };
/* End PBXBuildFile section */

/* Begin PBXContainerItemProxy section */
		DAB315582B43EFDD000357C7 /* PBXContainerItemProxy */ = {
			isa = PBXContainerItemProxy;
			containerPortal = DAB3153F2B43EFDB000357C7 /* Project object */;
			proxyType = 1;
			remoteGlobalIDString = DAB315462B43EFDB000357C7;
			remoteInfo = MyMemory;
		};
		DAB315622B43EFDD000357C7 /* PBXContainerItemProxy */ = {
			isa = PBXContainerItemProxy;
			containerPortal = DAB3153F2B43EFDB000357C7 /* Project object */;
			proxyType = 1;
			remoteGlobalIDString = DAB315462B43EFDB000357C7;
			remoteInfo = MyMemory;
		};
/* End PBXContainerItemProxy section */

/* Begin PBXFileReference section */
		013127252B46448800483E9F /* ReportView.swift */ = {isa = PBXFileReference; lastKnownFileType = sourcecode.swift; path = ReportView.swift; sourceTree = "<group>"; };
		013127272B4674B600483E9F /* Textarea.swift */ = {isa = PBXFileReference; lastKnownFileType = sourcecode.swift; path = Textarea.swift; sourceTree = "<group>"; };
		014CB56D2B468A3B0016DF70 /* BackButton.swift */ = {isa = PBXFileReference; lastKnownFileType = sourcecode.swift; path = BackButton.swift; sourceTree = "<group>"; };
		014CB56F2B468DD90016DF70 /* SelectBox.swift */ = {isa = PBXFileReference; lastKnownFileType = sourcecode.swift; path = SelectBox.swift; sourceTree = "<group>"; };
		014CB5752B46A2B50016DF70 /* Report.swift */ = {isa = PBXFileReference; lastKnownFileType = sourcecode.swift; path = Report.swift; sourceTree = "<group>"; };
		01E6A6342B467FE80061F08C /* MainTabView.swift */ = {isa = PBXFileReference; lastKnownFileType = sourcecode.swift; path = MainTabView.swift; sourceTree = "<group>"; };
		01E6A6382B46813E0061F08C /* LoginView.swift */ = {isa = PBXFileReference; lastKnownFileType = sourcecode.swift; path = LoginView.swift; sourceTree = "<group>"; };
		01E6A63F2B4681DC0061F08C /* MypageView.swift */ = {isa = PBXFileReference; lastKnownFileType = sourcecode.swift; path = MypageView.swift; sourceTree = "<group>"; };
		01E6A6422B4683090061F08C /* PostView.swift */ = {isa = PBXFileReference; lastKnownFileType = sourcecode.swift; path = PostView.swift; sourceTree = "<group>"; };
		6A600F832B551613004A44D0 /* MemoView.swift */ = {isa = PBXFileReference; fileEncoding = 4; lastKnownFileType = sourcecode.swift; path = MemoView.swift; sourceTree = "<group>"; };
		6A600F842B551613004A44D0 /* MemoCell.swift */ = {isa = PBXFileReference; fileEncoding = 4; lastKnownFileType = sourcecode.swift; path = MemoCell.swift; sourceTree = "<group>"; };
		6A600F852B551613004A44D0 /* SelectPhotos.swift */ = {isa = PBXFileReference; fileEncoding = 4; lastKnownFileType = sourcecode.swift; path = SelectPhotos.swift; sourceTree = "<group>"; };
		6A600F862B551613004A44D0 /* SelectTagView.swift */ = {isa = PBXFileReference; fileEncoding = 4; lastKnownFileType = sourcecode.swift; path = SelectTagView.swift; sourceTree = "<group>"; };
		6A600F872B551613004A44D0 /* FindAddressView.swift */ = {isa = PBXFileReference; fileEncoding = 4; lastKnownFileType = sourcecode.swift; path = FindAddressView.swift; sourceTree = "<group>"; };
		6A600F8E2B55161E004A44D0 /* PostViewModel.swift */ = {isa = PBXFileReference; fileEncoding = 4; lastKnownFileType = sourcecode.swift; path = PostViewModel.swift; sourceTree = "<group>"; };
		6A600F992B55201F004A44D0 /* MemoListCell.swift */ = {isa = PBXFileReference; lastKnownFileType = sourcecode.swift; path = MemoListCell.swift; sourceTree = "<group>"; };
		6A600F9B2B552439004A44D0 /* Color+Extensions.swift */ = {isa = PBXFileReference; lastKnownFileType = sourcecode.swift; path = "Color+Extensions.swift"; sourceTree = "<group>"; };
		6A7BA0452B51050F00BEE111 /* SettingView.swift */ = {isa = PBXFileReference; lastKnownFileType = sourcecode.swift; path = SettingView.swift; sourceTree = "<group>"; };
		6A7BA0472B51052E00BEE111 /* SettingMenuCell.swift */ = {isa = PBXFileReference; lastKnownFileType = sourcecode.swift; path = SettingMenuCell.swift; sourceTree = "<group>"; };
		6A7BA04A2B51055700BEE111 /* WithdrawalView.swift */ = {isa = PBXFileReference; lastKnownFileType = sourcecode.swift; path = WithdrawalView.swift; sourceTree = "<group>"; };
		6A7BA04D2B5105DC00BEE111 /* MypageViewModel.swift */ = {isa = PBXFileReference; lastKnownFileType = sourcecode.swift; path = MypageViewModel.swift; sourceTree = "<group>"; };
		6A7BA04F2B51060300BEE111 /* MemoList.swift */ = {isa = PBXFileReference; lastKnownFileType = sourcecode.swift; path = MemoList.swift; sourceTree = "<group>"; };
		6AEF59152B56136E00A78D36 /* String+Extensions.swift */ = {isa = PBXFileReference; lastKnownFileType = sourcecode.swift; path = "String+Extensions.swift"; sourceTree = "<group>"; };
		6AEF59172B561EE000A78D36 /* SettingViewModel.swift */ = {isa = PBXFileReference; lastKnownFileType = sourcecode.swift; path = SettingViewModel.swift; sourceTree = "<group>"; };
		9D9D40CA2B4C184F00E9AA76 /* RegisterView.swift */ = {isa = PBXFileReference; lastKnownFileType = sourcecode.swift; path = RegisterView.swift; sourceTree = "<group>"; };
		DA131A472B4AB19700743FD0 /* MemoModel.swift */ = {isa = PBXFileReference; lastKnownFileType = sourcecode.swift; path = MemoModel.swift; sourceTree = "<group>"; };
		DA131A4B2B4BD4BA00743FD0 /* MapViewModelTest.swift */ = {isa = PBXFileReference; lastKnownFileType = sourcecode.swift; path = MapViewModelTest.swift; sourceTree = "<group>"; };
		DA131A4D2B4BE0ED00743FD0 /* CornerShape.swift */ = {isa = PBXFileReference; lastKnownFileType = sourcecode.swift; path = CornerShape.swift; sourceTree = "<group>"; };
		DA6F576F2B4A80B2002DB94A /* MapViewRepresentable.swift */ = {isa = PBXFileReference; lastKnownFileType = sourcecode.swift; path = MapViewRepresentable.swift; sourceTree = "<group>"; };
		DA7893FB2B43F5BF00DC3771 /* Pretendard-Medium.otf */ = {isa = PBXFileReference; lastKnownFileType = file; path = "Pretendard-Medium.otf"; sourceTree = "<group>"; };
		DA7893FC2B43F5BF00DC3771 /* Pretendard-Black.otf */ = {isa = PBXFileReference; lastKnownFileType = file; path = "Pretendard-Black.otf"; sourceTree = "<group>"; };
		DA7893FD2B43F5BF00DC3771 /* Pretendard-ExtraLight.otf */ = {isa = PBXFileReference; lastKnownFileType = file; path = "Pretendard-ExtraLight.otf"; sourceTree = "<group>"; };
		DA7893FE2B43F5BF00DC3771 /* Pretendard-ExtraBold.otf */ = {isa = PBXFileReference; lastKnownFileType = file; path = "Pretendard-ExtraBold.otf"; sourceTree = "<group>"; };
		DA7893FF2B43F5BF00DC3771 /* Pretendard-Regular.otf */ = {isa = PBXFileReference; lastKnownFileType = file; path = "Pretendard-Regular.otf"; sourceTree = "<group>"; };
		DA7894002B43F5BF00DC3771 /* Pretendard-Bold.otf */ = {isa = PBXFileReference; lastKnownFileType = file; path = "Pretendard-Bold.otf"; sourceTree = "<group>"; };
		DA7894012B43F5BF00DC3771 /* Pretendard-Thin.otf */ = {isa = PBXFileReference; lastKnownFileType = file; path = "Pretendard-Thin.otf"; sourceTree = "<group>"; };
		DA7894022B43F5BF00DC3771 /* Pretendard-Light.otf */ = {isa = PBXFileReference; lastKnownFileType = file; path = "Pretendard-Light.otf"; sourceTree = "<group>"; };
		DA7894032B43F5BF00DC3771 /* Pretendard-SemiBold.otf */ = {isa = PBXFileReference; lastKnownFileType = file; path = "Pretendard-SemiBold.otf"; sourceTree = "<group>"; };
		DA7894042B43F61F00DC3771 /* Fonts+Extensions.swift */ = {isa = PBXFileReference; lastKnownFileType = sourcecode.swift; path = "Fonts+Extensions.swift"; sourceTree = "<group>"; };
		DA78940A2B44090400DC3771 /* MainMapView.swift */ = {isa = PBXFileReference; lastKnownFileType = sourcecode.swift; path = MainMapView.swift; sourceTree = "<group>"; };
		DA78940C2B44094700DC3771 /* MainMapViewModel.swift */ = {isa = PBXFileReference; lastKnownFileType = sourcecode.swift; path = MainMapViewModel.swift; sourceTree = "<group>"; };
		DAB315472B43EFDB000357C7 /* MyMemory.app */ = {isa = PBXFileReference; explicitFileType = wrapper.application; includeInIndex = 0; path = MyMemory.app; sourceTree = BUILT_PRODUCTS_DIR; };
		DAB3154A2B43EFDB000357C7 /* MyMemoryApp.swift */ = {isa = PBXFileReference; lastKnownFileType = sourcecode.swift; path = MyMemoryApp.swift; sourceTree = "<group>"; };
		DAB3154E2B43EFDD000357C7 /* Assets.xcassets */ = {isa = PBXFileReference; lastKnownFileType = folder.assetcatalog; path = Assets.xcassets; sourceTree = "<group>"; };
		DAB315512B43EFDD000357C7 /* Preview Assets.xcassets */ = {isa = PBXFileReference; lastKnownFileType = folder.assetcatalog; path = "Preview Assets.xcassets"; sourceTree = "<group>"; };
		DAB315572B43EFDD000357C7 /* MyMemoryTests.xctest */ = {isa = PBXFileReference; explicitFileType = wrapper.cfbundle; includeInIndex = 0; path = MyMemoryTests.xctest; sourceTree = BUILT_PRODUCTS_DIR; };
		DAB3155B2B43EFDD000357C7 /* MyMemoryTests.swift */ = {isa = PBXFileReference; lastKnownFileType = sourcecode.swift; path = MyMemoryTests.swift; sourceTree = "<group>"; };
		DAB315612B43EFDD000357C7 /* MyMemoryUITests.xctest */ = {isa = PBXFileReference; explicitFileType = wrapper.cfbundle; includeInIndex = 0; path = MyMemoryUITests.xctest; sourceTree = BUILT_PRODUCTS_DIR; };
		DAB315652B43EFDD000357C7 /* MyMemoryUITests.swift */ = {isa = PBXFileReference; lastKnownFileType = sourcecode.swift; path = MyMemoryUITests.swift; sourceTree = "<group>"; };
		DAB315672B43EFDD000357C7 /* MyMemoryUITestsLaunchTests.swift */ = {isa = PBXFileReference; lastKnownFileType = sourcecode.swift; path = MyMemoryUITestsLaunchTests.swift; sourceTree = "<group>"; };
		DAB315742B43F440000357C7 /* GoogleService-Info.plist */ = {isa = PBXFileReference; fileEncoding = 4; lastKnownFileType = text.plist.xml; path = "GoogleService-Info.plist"; sourceTree = "<group>"; };
		DAB315822B43F52C000357C7 /* Info.plist */ = {isa = PBXFileReference; lastKnownFileType = text.plist; path = Info.plist; sourceTree = "<group>"; };
/* End PBXFileReference section */

/* Begin PBXFrameworksBuildPhase section */
		DAB315442B43EFDB000357C7 /* Frameworks */ = {
			isa = PBXFrameworksBuildPhase;
			buildActionMask = 2147483647;
			files = (
				DAB315782B43F48C000357C7 /* FirebaseAnalyticsWithoutAdIdSupport in Frameworks */,
				DAB3157C2B43F48C000357C7 /* FirebaseAuth in Frameworks */,
				DAB3157E2B43F48C000357C7 /* FirebaseDatabase in Frameworks */,
				DAB315802B43F48C000357C7 /* FirebaseFirestore in Frameworks */,
				DAB3157A2B43F48C000357C7 /* FirebaseAppDistribution-Beta in Frameworks */,
			);
			runOnlyForDeploymentPostprocessing = 0;
		};
		DAB315542B43EFDD000357C7 /* Frameworks */ = {
			isa = PBXFrameworksBuildPhase;
			buildActionMask = 2147483647;
			files = (
			);
			runOnlyForDeploymentPostprocessing = 0;
		};
		DAB3155E2B43EFDD000357C7 /* Frameworks */ = {
			isa = PBXFrameworksBuildPhase;
			buildActionMask = 2147483647;
			files = (
			);
			runOnlyForDeploymentPostprocessing = 0;
		};
/* End PBXFrameworksBuildPhase section */

/* Begin PBXGroup section */
		013127232B461B0D00483E9F /* View */ = {
			isa = PBXGroup;
			children = (
				6A7BA0442B5104DC00BEE111 /* Setting */,
				01E6A6442B4683860061F08C /* Components */,
				01E6A6412B4682F10061F08C /* Post */,
				01E6A63A2B4681810061F08C /* Map */,
				01E6A6372B4681210061F08C /* Authentication */,
				01E6A6362B467FEC0061F08C /* Main */,
			);
			path = View;
			sourceTree = "<group>";
		};
		014CB5732B46A2950016DF70 /* Model */ = {
			isa = PBXGroup;
			children = (
				014CB5742B46A2A00016DF70 /* Authentication */,
			);
			path = Model;
			sourceTree = "<group>";
		};
		014CB5742B46A2A00016DF70 /* Authentication */ = {
			isa = PBXGroup;
			children = (
				014CB5752B46A2B50016DF70 /* Report.swift */,
			);
			path = Authentication;
			sourceTree = "<group>";
		};
		01E6A6362B467FEC0061F08C /* Main */ = {
			isa = PBXGroup;
			children = (
				01E6A6342B467FE80061F08C /* MainTabView.swift */,
			);
			path = Main;
			sourceTree = "<group>";
		};
		01E6A6372B4681210061F08C /* Authentication */ = {
			isa = PBXGroup;
			children = (
				6A7BA04C2B5105AC00BEE111 /* Mypage */,
				013127252B46448800483E9F /* ReportView.swift */,
				01E6A6382B46813E0061F08C /* LoginView.swift */,
				9D9D40CA2B4C184F00E9AA76 /* RegisterView.swift */,
			);
			path = Authentication;
			sourceTree = "<group>";
		};
		01E6A63A2B4681810061F08C /* Map */ = {
			isa = PBXGroup;
			children = (
				DA78940A2B44090400DC3771 /* MainMapView.swift */,
				DA78940C2B44094700DC3771 /* MainMapViewModel.swift */,
				DA6F576F2B4A80B2002DB94A /* MapViewRepresentable.swift */,
				DA131A472B4AB19700743FD0 /* MemoModel.swift */,
			);
			path = Map;
			sourceTree = "<group>";
		};
		01E6A6412B4682F10061F08C /* Post */ = {
			isa = PBXGroup;
			children = (
				6A600F8D2B55161E004A44D0 /* ViewModel */,
				6A600F822B551613004A44D0 /* Memo */,
				01E6A6422B4683090061F08C /* PostView.swift */,
			);
			path = Post;
			sourceTree = "<group>";
		};
		01E6A6442B4683860061F08C /* Components */ = {
			isa = PBXGroup;
			children = (
				013127272B4674B600483E9F /* Textarea.swift */,
				014CB56D2B468A3B0016DF70 /* BackButton.swift */,
				014CB56F2B468DD90016DF70 /* SelectBox.swift */,
			);
			path = Components;
			sourceTree = "<group>";
		};
		6A600F822B551613004A44D0 /* Memo */ = {
			isa = PBXGroup;
			children = (
				6A600F832B551613004A44D0 /* MemoView.swift */,
				6A600F842B551613004A44D0 /* MemoCell.swift */,
				6A600F852B551613004A44D0 /* SelectPhotos.swift */,
				6A600F862B551613004A44D0 /* SelectTagView.swift */,
				6A600F872B551613004A44D0 /* FindAddressView.swift */,
			);
			name = Memo;
			path = "../../../../../../개발/PJ3T2_Mymory/MyMemory/MyMemory/View/Post/Memo";
			sourceTree = "<group>";
		};
		6A600F8D2B55161E004A44D0 /* ViewModel */ = {
			isa = PBXGroup;
			children = (
				6A600F8E2B55161E004A44D0 /* PostViewModel.swift */,
			);
			name = ViewModel;
			path = "../../../../../../개발/PJ3T2_Mymory/MyMemory/MyMemory/View/Post/ViewModel";
			sourceTree = "<group>";
		};
		6A7BA0442B5104DC00BEE111 /* Setting */ = {
			isa = PBXGroup;
			children = (
				6A7BA0492B51054600BEE111 /* SettingMenu */,
				6A7BA0452B51050F00BEE111 /* SettingView.swift */,
				6AEF59172B561EE000A78D36 /* SettingViewModel.swift */,
				6A7BA0472B51052E00BEE111 /* SettingMenuCell.swift */,
			);
			path = Setting;
			sourceTree = "<group>";
		};
		6A7BA0492B51054600BEE111 /* SettingMenu */ = {
			isa = PBXGroup;
			children = (
				6A7BA04A2B51055700BEE111 /* WithdrawalView.swift */,
			);
			path = SettingMenu;
			sourceTree = "<group>";
		};
		6A7BA04C2B5105AC00BEE111 /* Mypage */ = {
			isa = PBXGroup;
			children = (
				01E6A63F2B4681DC0061F08C /* MypageView.swift */,
				6A7BA04D2B5105DC00BEE111 /* MypageViewModel.swift */,
				6A7BA04F2B51060300BEE111 /* MemoList.swift */,
				6A600F992B55201F004A44D0 /* MemoListCell.swift */,
			);
			path = Mypage;
			sourceTree = "<group>";
		};
		DA7893FA2B43F5AE00DC3771 /* Fonts */ = {
			isa = PBXGroup;
			children = (
				DA7893FC2B43F5BF00DC3771 /* Pretendard-Black.otf */,
				DA7894002B43F5BF00DC3771 /* Pretendard-Bold.otf */,
				DA7893FE2B43F5BF00DC3771 /* Pretendard-ExtraBold.otf */,
				DA7893FD2B43F5BF00DC3771 /* Pretendard-ExtraLight.otf */,
				DA7894022B43F5BF00DC3771 /* Pretendard-Light.otf */,
				DA7893FB2B43F5BF00DC3771 /* Pretendard-Medium.otf */,
				DA7893FF2B43F5BF00DC3771 /* Pretendard-Regular.otf */,
				DA7894032B43F5BF00DC3771 /* Pretendard-SemiBold.otf */,
				DA7894012B43F5BF00DC3771 /* Pretendard-Thin.otf */,
			);
			path = Fonts;
			sourceTree = "<group>";
		};
		DAB3153E2B43EFDB000357C7 = {
			isa = PBXGroup;
			children = (
				DAB315492B43EFDB000357C7 /* MyMemory */,
				DAB3155A2B43EFDD000357C7 /* MyMemoryTests */,
				DAB315642B43EFDD000357C7 /* MyMemoryUITests */,
				DAB315482B43EFDB000357C7 /* Products */,
			);
			sourceTree = "<group>";
		};
		DAB315482B43EFDB000357C7 /* Products */ = {
			isa = PBXGroup;
			children = (
				DAB315472B43EFDB000357C7 /* MyMemory.app */,
				DAB315572B43EFDD000357C7 /* MyMemoryTests.xctest */,
				DAB315612B43EFDD000357C7 /* MyMemoryUITests.xctest */,
			);
			name = Products;
			sourceTree = "<group>";
		};
		DAB315492B43EFDB000357C7 /* MyMemory */ = {
			isa = PBXGroup;
			children = (
				014CB5732B46A2950016DF70 /* Model */,
				013127232B461B0D00483E9F /* View */,
				DAB315822B43F52C000357C7 /* Info.plist */,
				DAB315742B43F440000357C7 /* GoogleService-Info.plist */,
				DAB315812B43F517000357C7 /* Resource */,
				DAB3154A2B43EFDB000357C7 /* MyMemoryApp.swift */,
				DAB3154E2B43EFDD000357C7 /* Assets.xcassets */,
				DAB315502B43EFDD000357C7 /* Preview Content */,
			);
			path = MyMemory;
			sourceTree = "<group>";
		};
		DAB315502B43EFDD000357C7 /* Preview Content */ = {
			isa = PBXGroup;
			children = (
				DAB315512B43EFDD000357C7 /* Preview Assets.xcassets */,
			);
			path = "Preview Content";
			sourceTree = "<group>";
		};
		DAB3155A2B43EFDD000357C7 /* MyMemoryTests */ = {
			isa = PBXGroup;
			children = (
				DAB3155B2B43EFDD000357C7 /* MyMemoryTests.swift */,
				DA131A4B2B4BD4BA00743FD0 /* MapViewModelTest.swift */,
			);
			path = MyMemoryTests;
			sourceTree = "<group>";
		};
		DAB315642B43EFDD000357C7 /* MyMemoryUITests */ = {
			isa = PBXGroup;
			children = (
				DAB315652B43EFDD000357C7 /* MyMemoryUITests.swift */,
				DAB315672B43EFDD000357C7 /* MyMemoryUITestsLaunchTests.swift */,
			);
			path = MyMemoryUITests;
			sourceTree = "<group>";
		};
		DAB315812B43F517000357C7 /* Resource */ = {
			isa = PBXGroup;
			children = (
				DA7893FA2B43F5AE00DC3771 /* Fonts */,
				DA7894042B43F61F00DC3771 /* Fonts+Extensions.swift */,
				6A600F9B2B552439004A44D0 /* Color+Extensions.swift */,
				DA131A4D2B4BE0ED00743FD0 /* CornerShape.swift */,
				6AEF59152B56136E00A78D36 /* String+Extensions.swift */,
			);
			path = Resource;
			sourceTree = "<group>";
		};
/* End PBXGroup section */

/* Begin PBXNativeTarget section */
		DAB315462B43EFDB000357C7 /* MyMemory */ = {
			isa = PBXNativeTarget;
			buildConfigurationList = DAB3156B2B43EFDD000357C7 /* Build configuration list for PBXNativeTarget "MyMemory" */;
			buildPhases = (
				DAB315432B43EFDB000357C7 /* Sources */,
				DAB315442B43EFDB000357C7 /* Frameworks */,
				DAB315452B43EFDB000357C7 /* Resources */,
			);
			buildRules = (
			);
			dependencies = (
			);
			name = MyMemory;
			packageProductDependencies = (
				DAB315772B43F48C000357C7 /* FirebaseAnalyticsWithoutAdIdSupport */,
				DAB315792B43F48C000357C7 /* FirebaseAppDistribution-Beta */,
				DAB3157B2B43F48C000357C7 /* FirebaseAuth */,
				DAB3157D2B43F48C000357C7 /* FirebaseDatabase */,
				DAB3157F2B43F48C000357C7 /* FirebaseFirestore */,
			);
			productName = MyMemory;
			productReference = DAB315472B43EFDB000357C7 /* MyMemory.app */;
			productType = "com.apple.product-type.application";
		};
		DAB315562B43EFDD000357C7 /* MyMemoryTests */ = {
			isa = PBXNativeTarget;
			buildConfigurationList = DAB3156E2B43EFDD000357C7 /* Build configuration list for PBXNativeTarget "MyMemoryTests" */;
			buildPhases = (
				DAB315532B43EFDD000357C7 /* Sources */,
				DAB315542B43EFDD000357C7 /* Frameworks */,
				DAB315552B43EFDD000357C7 /* Resources */,
			);
			buildRules = (
			);
			dependencies = (
				DAB315592B43EFDD000357C7 /* PBXTargetDependency */,
			);
			name = MyMemoryTests;
			productName = MyMemoryTests;
			productReference = DAB315572B43EFDD000357C7 /* MyMemoryTests.xctest */;
			productType = "com.apple.product-type.bundle.unit-test";
		};
		DAB315602B43EFDD000357C7 /* MyMemoryUITests */ = {
			isa = PBXNativeTarget;
			buildConfigurationList = DAB315712B43EFDD000357C7 /* Build configuration list for PBXNativeTarget "MyMemoryUITests" */;
			buildPhases = (
				DAB3155D2B43EFDD000357C7 /* Sources */,
				DAB3155E2B43EFDD000357C7 /* Frameworks */,
				DAB3155F2B43EFDD000357C7 /* Resources */,
			);
			buildRules = (
			);
			dependencies = (
				DAB315632B43EFDD000357C7 /* PBXTargetDependency */,
			);
			name = MyMemoryUITests;
			productName = MyMemoryUITests;
			productReference = DAB315612B43EFDD000357C7 /* MyMemoryUITests.xctest */;
			productType = "com.apple.product-type.bundle.ui-testing";
		};
/* End PBXNativeTarget section */

/* Begin PBXProject section */
		DAB3153F2B43EFDB000357C7 /* Project object */ = {
			isa = PBXProject;
			attributes = {
				BuildIndependentTargetsInParallel = 1;
				LastSwiftUpdateCheck = 1510;
				LastUpgradeCheck = 1510;
				TargetAttributes = {
					DAB315462B43EFDB000357C7 = {
						CreatedOnToolsVersion = 15.1;
					};
					DAB315562B43EFDD000357C7 = {
						CreatedOnToolsVersion = 15.1;
						TestTargetID = DAB315462B43EFDB000357C7;
					};
					DAB315602B43EFDD000357C7 = {
						CreatedOnToolsVersion = 15.1;
						TestTargetID = DAB315462B43EFDB000357C7;
					};
				};
			};
			buildConfigurationList = DAB315422B43EFDB000357C7 /* Build configuration list for PBXProject "MyMemory" */;
			compatibilityVersion = "Xcode 14.0";
			developmentRegion = en;
			hasScannedForEncodings = 0;
			knownRegions = (
				en,
				Base,
			);
			mainGroup = DAB3153E2B43EFDB000357C7;
			packageReferences = (
				DAB315762B43F48C000357C7 /* XCRemoteSwiftPackageReference "firebase-ios-sdk" */,
			);
			productRefGroup = DAB315482B43EFDB000357C7 /* Products */;
			projectDirPath = "";
			projectRoot = "";
			targets = (
				DAB315462B43EFDB000357C7 /* MyMemory */,
				DAB315562B43EFDD000357C7 /* MyMemoryTests */,
				DAB315602B43EFDD000357C7 /* MyMemoryUITests */,
			);
		};
/* End PBXProject section */

/* Begin PBXResourcesBuildPhase section */
		DAB315452B43EFDB000357C7 /* Resources */ = {
			isa = PBXResourcesBuildPhase;
			buildActionMask = 2147483647;
			files = (
				6A600F972B551799004A44D0 /* Pretendard-SemiBold.otf in Resources */,
				6A600F952B551799004A44D0 /* Pretendard-ExtraLight.otf in Resources */,
				DAB315522B43EFDD000357C7 /* Preview Assets.xcassets in Resources */,
				6A600F982B551799004A44D0 /* Pretendard-Thin.otf in Resources */,
				6A600F912B551799004A44D0 /* Pretendard-Bold.otf in Resources */,
				6A600F942B551799004A44D0 /* Pretendard-ExtraBold.otf in Resources */,
				6A600F902B551799004A44D0 /* Pretendard-Light.otf in Resources */,
				DAB3154F2B43EFDD000357C7 /* Assets.xcassets in Resources */,
				DAB315752B43F440000357C7 /* GoogleService-Info.plist in Resources */,
				6A600F962B551799004A44D0 /* Pretendard-Regular.otf in Resources */,
				6A600F932B551799004A44D0 /* Pretendard-Black.otf in Resources */,
				6A600F922B551799004A44D0 /* Pretendard-Medium.otf in Resources */,
			);
			runOnlyForDeploymentPostprocessing = 0;
		};
		DAB315552B43EFDD000357C7 /* Resources */ = {
			isa = PBXResourcesBuildPhase;
			buildActionMask = 2147483647;
			files = (
			);
			runOnlyForDeploymentPostprocessing = 0;
		};
		DAB3155F2B43EFDD000357C7 /* Resources */ = {
			isa = PBXResourcesBuildPhase;
			buildActionMask = 2147483647;
			files = (
			);
			runOnlyForDeploymentPostprocessing = 0;
		};
/* End PBXResourcesBuildPhase section */

/* Begin PBXSourcesBuildPhase section */
		DAB315432B43EFDB000357C7 /* Sources */ = {
			isa = PBXSourcesBuildPhase;
			buildActionMask = 2147483647;
			files = (
				013127282B4674B600483E9F /* Textarea.swift in Sources */,
				6A7BA0502B51060300BEE111 /* MemoList.swift in Sources */,
				6A600F882B551613004A44D0 /* MemoView.swift in Sources */,
				014CB56E2B468A3B0016DF70 /* BackButton.swift in Sources */,
				6A7BA0482B51052E00BEE111 /* SettingMenuCell.swift in Sources */,
				6A600F9C2B552439004A44D0 /* Color+Extensions.swift in Sources */,
				9D9D40CB2B4C184F00E9AA76 /* RegisterView.swift in Sources */,
				6A7BA04B2B51055700BEE111 /* WithdrawalView.swift in Sources */,
				014CB5702B468DD90016DF70 /* SelectBox.swift in Sources */,
				6A600F8F2B55161E004A44D0 /* PostViewModel.swift in Sources */,
				01E6A6392B46813E0061F08C /* LoginView.swift in Sources */,
				6A7BA0462B51050F00BEE111 /* SettingView.swift in Sources */,
				6A7BA04E2B5105DC00BEE111 /* MypageViewModel.swift in Sources */,
				6A600F8B2B551613004A44D0 /* SelectTagView.swift in Sources */,
				014CB5762B46A2B50016DF70 /* Report.swift in Sources */,
				01E6A6402B4681DC0061F08C /* MypageView.swift in Sources */,
				6A600F8C2B551613004A44D0 /* FindAddressView.swift in Sources */,
				DAB3154B2B43EFDB000357C7 /* MyMemoryApp.swift in Sources */,
				6A600F9A2B55201F004A44D0 /* MemoListCell.swift in Sources */,
				DA78940B2B44090400DC3771 /* MainMapView.swift in Sources */,
				DA131A482B4AB19700743FD0 /* MemoModel.swift in Sources */,
				DA6F57702B4A80B2002DB94A /* MapViewRepresentable.swift in Sources */,
				DA131A4E2B4BE0ED00743FD0 /* CornerShape.swift in Sources */,
				DA78940D2B44094700DC3771 /* MainMapViewModel.swift in Sources */,
				6A600F8A2B551613004A44D0 /* SelectPhotos.swift in Sources */,
				013127262B46448800483E9F /* ReportView.swift in Sources */,
				DA7894052B43F61F00DC3771 /* Fonts+Extensions.swift in Sources */,
				6AEF59182B561EE000A78D36 /* SettingViewModel.swift in Sources */,
				01E6A6432B4683090061F08C /* PostView.swift in Sources */,
				6AEF59162B56136E00A78D36 /* String+Extensions.swift in Sources */,
				01E6A6352B467FE80061F08C /* MainTabView.swift in Sources */,
				6A600F892B551613004A44D0 /* MemoCell.swift in Sources */,
			);
			runOnlyForDeploymentPostprocessing = 0;
		};
		DAB315532B43EFDD000357C7 /* Sources */ = {
			isa = PBXSourcesBuildPhase;
			buildActionMask = 2147483647;
			files = (
				DAB3155C2B43EFDD000357C7 /* MyMemoryTests.swift in Sources */,
				DA131A4C2B4BD4BA00743FD0 /* MapViewModelTest.swift in Sources */,
			);
			runOnlyForDeploymentPostprocessing = 0;
		};
		DAB3155D2B43EFDD000357C7 /* Sources */ = {
			isa = PBXSourcesBuildPhase;
			buildActionMask = 2147483647;
			files = (
				DAB315682B43EFDD000357C7 /* MyMemoryUITestsLaunchTests.swift in Sources */,
				DAB315662B43EFDD000357C7 /* MyMemoryUITests.swift in Sources */,
			);
			runOnlyForDeploymentPostprocessing = 0;
		};
/* End PBXSourcesBuildPhase section */

/* Begin PBXTargetDependency section */
		DAB315592B43EFDD000357C7 /* PBXTargetDependency */ = {
			isa = PBXTargetDependency;
			target = DAB315462B43EFDB000357C7 /* MyMemory */;
			targetProxy = DAB315582B43EFDD000357C7 /* PBXContainerItemProxy */;
		};
		DAB315632B43EFDD000357C7 /* PBXTargetDependency */ = {
			isa = PBXTargetDependency;
			target = DAB315462B43EFDB000357C7 /* MyMemory */;
			targetProxy = DAB315622B43EFDD000357C7 /* PBXContainerItemProxy */;
		};
/* End PBXTargetDependency section */

/* Begin XCBuildConfiguration section */
		DAB315692B43EFDD000357C7 /* Debug */ = {
			isa = XCBuildConfiguration;
			buildSettings = {
				ALWAYS_SEARCH_USER_PATHS = NO;
				ASSETCATALOG_COMPILER_GENERATE_SWIFT_ASSET_SYMBOL_EXTENSIONS = YES;
				CLANG_ANALYZER_NONNULL = YES;
				CLANG_ANALYZER_NUMBER_OBJECT_CONVERSION = YES_AGGRESSIVE;
				CLANG_CXX_LANGUAGE_STANDARD = "gnu++20";
				CLANG_ENABLE_MODULES = YES;
				CLANG_ENABLE_OBJC_ARC = YES;
				CLANG_ENABLE_OBJC_WEAK = YES;
				CLANG_WARN_BLOCK_CAPTURE_AUTORELEASING = YES;
				CLANG_WARN_BOOL_CONVERSION = YES;
				CLANG_WARN_COMMA = YES;
				CLANG_WARN_CONSTANT_CONVERSION = YES;
				CLANG_WARN_DEPRECATED_OBJC_IMPLEMENTATIONS = YES;
				CLANG_WARN_DIRECT_OBJC_ISA_USAGE = YES_ERROR;
				CLANG_WARN_DOCUMENTATION_COMMENTS = YES;
				CLANG_WARN_EMPTY_BODY = YES;
				CLANG_WARN_ENUM_CONVERSION = YES;
				CLANG_WARN_INFINITE_RECURSION = YES;
				CLANG_WARN_INT_CONVERSION = YES;
				CLANG_WARN_NON_LITERAL_NULL_CONVERSION = YES;
				CLANG_WARN_OBJC_IMPLICIT_RETAIN_SELF = YES;
				CLANG_WARN_OBJC_LITERAL_CONVERSION = YES;
				CLANG_WARN_OBJC_ROOT_CLASS = YES_ERROR;
				CLANG_WARN_QUOTED_INCLUDE_IN_FRAMEWORK_HEADER = YES;
				CLANG_WARN_RANGE_LOOP_ANALYSIS = YES;
				CLANG_WARN_STRICT_PROTOTYPES = YES;
				CLANG_WARN_SUSPICIOUS_MOVE = YES;
				CLANG_WARN_UNGUARDED_AVAILABILITY = YES_AGGRESSIVE;
				CLANG_WARN_UNREACHABLE_CODE = YES;
				CLANG_WARN__DUPLICATE_METHOD_MATCH = YES;
				COPY_PHASE_STRIP = NO;
				DEBUG_INFORMATION_FORMAT = dwarf;
				ENABLE_STRICT_OBJC_MSGSEND = YES;
				ENABLE_TESTABILITY = YES;
				ENABLE_USER_SCRIPT_SANDBOXING = YES;
				GCC_C_LANGUAGE_STANDARD = gnu17;
				GCC_DYNAMIC_NO_PIC = NO;
				GCC_NO_COMMON_BLOCKS = YES;
				GCC_OPTIMIZATION_LEVEL = 0;
				GCC_PREPROCESSOR_DEFINITIONS = (
					"DEBUG=1",
					"$(inherited)",
				);
				GCC_WARN_64_TO_32_BIT_CONVERSION = YES;
				GCC_WARN_ABOUT_RETURN_TYPE = YES_ERROR;
				GCC_WARN_UNDECLARED_SELECTOR = YES;
				GCC_WARN_UNINITIALIZED_AUTOS = YES_AGGRESSIVE;
				GCC_WARN_UNUSED_FUNCTION = YES;
				GCC_WARN_UNUSED_VARIABLE = YES;
				IPHONEOS_DEPLOYMENT_TARGET = 16.0;
				LOCALIZATION_PREFERS_STRING_CATALOGS = YES;
				MTL_ENABLE_DEBUG_INFO = INCLUDE_SOURCE;
				MTL_FAST_MATH = YES;
				ONLY_ACTIVE_ARCH = YES;
				SDKROOT = iphoneos;
				SWIFT_ACTIVE_COMPILATION_CONDITIONS = "DEBUG $(inherited)";
				SWIFT_OPTIMIZATION_LEVEL = "-Onone";
			};
			name = Debug;
		};
		DAB3156A2B43EFDD000357C7 /* Release */ = {
			isa = XCBuildConfiguration;
			buildSettings = {
				ALWAYS_SEARCH_USER_PATHS = NO;
				ASSETCATALOG_COMPILER_GENERATE_SWIFT_ASSET_SYMBOL_EXTENSIONS = YES;
				CLANG_ANALYZER_NONNULL = YES;
				CLANG_ANALYZER_NUMBER_OBJECT_CONVERSION = YES_AGGRESSIVE;
				CLANG_CXX_LANGUAGE_STANDARD = "gnu++20";
				CLANG_ENABLE_MODULES = YES;
				CLANG_ENABLE_OBJC_ARC = YES;
				CLANG_ENABLE_OBJC_WEAK = YES;
				CLANG_WARN_BLOCK_CAPTURE_AUTORELEASING = YES;
				CLANG_WARN_BOOL_CONVERSION = YES;
				CLANG_WARN_COMMA = YES;
				CLANG_WARN_CONSTANT_CONVERSION = YES;
				CLANG_WARN_DEPRECATED_OBJC_IMPLEMENTATIONS = YES;
				CLANG_WARN_DIRECT_OBJC_ISA_USAGE = YES_ERROR;
				CLANG_WARN_DOCUMENTATION_COMMENTS = YES;
				CLANG_WARN_EMPTY_BODY = YES;
				CLANG_WARN_ENUM_CONVERSION = YES;
				CLANG_WARN_INFINITE_RECURSION = YES;
				CLANG_WARN_INT_CONVERSION = YES;
				CLANG_WARN_NON_LITERAL_NULL_CONVERSION = YES;
				CLANG_WARN_OBJC_IMPLICIT_RETAIN_SELF = YES;
				CLANG_WARN_OBJC_LITERAL_CONVERSION = YES;
				CLANG_WARN_OBJC_ROOT_CLASS = YES_ERROR;
				CLANG_WARN_QUOTED_INCLUDE_IN_FRAMEWORK_HEADER = YES;
				CLANG_WARN_RANGE_LOOP_ANALYSIS = YES;
				CLANG_WARN_STRICT_PROTOTYPES = YES;
				CLANG_WARN_SUSPICIOUS_MOVE = YES;
				CLANG_WARN_UNGUARDED_AVAILABILITY = YES_AGGRESSIVE;
				CLANG_WARN_UNREACHABLE_CODE = YES;
				CLANG_WARN__DUPLICATE_METHOD_MATCH = YES;
				COPY_PHASE_STRIP = NO;
				DEBUG_INFORMATION_FORMAT = "dwarf-with-dsym";
				ENABLE_NS_ASSERTIONS = NO;
				ENABLE_STRICT_OBJC_MSGSEND = YES;
				ENABLE_USER_SCRIPT_SANDBOXING = YES;
				GCC_C_LANGUAGE_STANDARD = gnu17;
				GCC_NO_COMMON_BLOCKS = YES;
				GCC_WARN_64_TO_32_BIT_CONVERSION = YES;
				GCC_WARN_ABOUT_RETURN_TYPE = YES_ERROR;
				GCC_WARN_UNDECLARED_SELECTOR = YES;
				GCC_WARN_UNINITIALIZED_AUTOS = YES_AGGRESSIVE;
				GCC_WARN_UNUSED_FUNCTION = YES;
				GCC_WARN_UNUSED_VARIABLE = YES;
				IPHONEOS_DEPLOYMENT_TARGET = 16.0;
				LOCALIZATION_PREFERS_STRING_CATALOGS = YES;
				MTL_ENABLE_DEBUG_INFO = NO;
				MTL_FAST_MATH = YES;
				SDKROOT = iphoneos;
				SWIFT_COMPILATION_MODE = wholemodule;
				VALIDATE_PRODUCT = YES;
			};
			name = Release;
		};
		DAB3156C2B43EFDD000357C7 /* Debug */ = {
			isa = XCBuildConfiguration;
			buildSettings = {
				ASSETCATALOG_COMPILER_APPICON_NAME = AppIcon;
				ASSETCATALOG_COMPILER_GLOBAL_ACCENT_COLOR_NAME = AccentColor;
				ASSETCATALOG_COMPILER_INCLUDE_ALL_APPICON_ASSETS = NO;
				CODE_SIGN_IDENTITY = "Apple Development";
				"CODE_SIGN_IDENTITY[sdk=iphoneos*]" = "iPhone Developer";
				CODE_SIGN_STYLE = Manual;
				CURRENT_PROJECT_VERSION = 13;
				DEVELOPMENT_ASSET_PATHS = "\"MyMemory/Preview Content\"";
				DEVELOPMENT_TEAM = "";
				"DEVELOPMENT_TEAM[sdk=iphoneos*]" = 7Y3Y9M4N4F;
				ENABLE_PREVIEWS = YES;
				GENERATE_INFOPLIST_FILE = YES;
				INFOPLIST_FILE = MyMemory/Info.plist;
				INFOPLIST_KEY_CFBundleDisplayName = MyMemory;
				INFOPLIST_KEY_LSApplicationCategoryType = "public.app-category.social-networking";
				INFOPLIST_KEY_NSAppleMusicUsageDescription = "사진첩에 접근합니다.";
				INFOPLIST_KEY_NSCameraUsageDescription = "카메라로 사진을 찍습니다.";
				INFOPLIST_KEY_NSLocationAlwaysAndWhenInUseUsageDescription = "사용자의 위치 정보가 필요합니다.";
				INFOPLIST_KEY_NSLocationAlwaysUsageDescription = "사용자의 위치 정보가 필요합니다.";
				INFOPLIST_KEY_UIApplicationSceneManifest_Generation = YES;
				INFOPLIST_KEY_UIApplicationSupportsIndirectInputEvents = YES;
				INFOPLIST_KEY_UILaunchScreen_Generation = YES;
				INFOPLIST_KEY_UISupportedInterfaceOrientations_iPad = "UIInterfaceOrientationPortrait UIInterfaceOrientationPortraitUpsideDown UIInterfaceOrientationLandscapeLeft UIInterfaceOrientationLandscapeRight";
				INFOPLIST_KEY_UISupportedInterfaceOrientations_iPhone = "UIInterfaceOrientationPortrait UIInterfaceOrientationLandscapeLeft UIInterfaceOrientationLandscapeRight";
				IPHONEOS_DEPLOYMENT_TARGET = 16.0;
				LD_RUNPATH_SEARCH_PATHS = (
					"$(inherited)",
					"@executable_path/Frameworks",
				);
				MARKETING_VERSION = 1.0;
				PRODUCT_BUNDLE_IDENTIFIER = com.likelion.MyMemory;
				PRODUCT_NAME = "$(TARGET_NAME)";
				PROVISIONING_PROFILE_SPECIFIER = "";
				"PROVISIONING_PROFILE_SPECIFIER[sdk=iphoneos*]" = "match Development com.likelion.MyMemory";
				SUPPORTED_PLATFORMS = "iphoneos iphonesimulator";
				SUPPORTS_MACCATALYST = NO;
				SUPPORTS_MAC_DESIGNED_FOR_IPHONE_IPAD = NO;
				SUPPORTS_XR_DESIGNED_FOR_IPHONE_IPAD = NO;
				SWIFT_EMIT_LOC_STRINGS = YES;
				SWIFT_VERSION = 5.0;
				TARGETED_DEVICE_FAMILY = 1;
			};
			name = Debug;
		};
		DAB3156D2B43EFDD000357C7 /* Release */ = {
			isa = XCBuildConfiguration;
			buildSettings = {
				ASSETCATALOG_COMPILER_APPICON_NAME = AppIcon;
				ASSETCATALOG_COMPILER_GLOBAL_ACCENT_COLOR_NAME = AccentColor;
				ASSETCATALOG_COMPILER_INCLUDE_ALL_APPICON_ASSETS = NO;
				"CODE_SIGN_IDENTITY[sdk=iphoneos*]" = "iPhone Distribution";
				CODE_SIGN_STYLE = Manual;
				CURRENT_PROJECT_VERSION = 13;
				DEVELOPMENT_ASSET_PATHS = "\"MyMemory/Preview Content\"";
				DEVELOPMENT_TEAM = "";
				"DEVELOPMENT_TEAM[sdk=iphoneos*]" = 7Y3Y9M4N4F;
				ENABLE_PREVIEWS = YES;
				GENERATE_INFOPLIST_FILE = YES;
				INFOPLIST_FILE = MyMemory/Info.plist;
				INFOPLIST_KEY_CFBundleDisplayName = MyMemory;
				INFOPLIST_KEY_LSApplicationCategoryType = "public.app-category.social-networking";
				INFOPLIST_KEY_NSAppleMusicUsageDescription = "사진첩에 접근합니다.";
				INFOPLIST_KEY_NSCameraUsageDescription = "카메라로 사진을 찍습니다.";
				INFOPLIST_KEY_NSLocationAlwaysAndWhenInUseUsageDescription = "사용자의 위치 정보가 필요합니다.";
				INFOPLIST_KEY_NSLocationAlwaysUsageDescription = "사용자의 위치 정보가 필요합니다.";
				INFOPLIST_KEY_UIApplicationSceneManifest_Generation = YES;
				INFOPLIST_KEY_UIApplicationSupportsIndirectInputEvents = YES;
				INFOPLIST_KEY_UILaunchScreen_Generation = YES;
				INFOPLIST_KEY_UISupportedInterfaceOrientations_iPad = "UIInterfaceOrientationPortrait UIInterfaceOrientationPortraitUpsideDown UIInterfaceOrientationLandscapeLeft UIInterfaceOrientationLandscapeRight";
				INFOPLIST_KEY_UISupportedInterfaceOrientations_iPhone = "UIInterfaceOrientationPortrait UIInterfaceOrientationLandscapeLeft UIInterfaceOrientationLandscapeRight";
				IPHONEOS_DEPLOYMENT_TARGET = 16.0;
				LD_RUNPATH_SEARCH_PATHS = (
					"$(inherited)",
					"@executable_path/Frameworks",
				);
				MARKETING_VERSION = 1.0;
				PRODUCT_BUNDLE_IDENTIFIER = com.likelion.MyMemory;
				PRODUCT_NAME = "$(TARGET_NAME)";
				PROVISIONING_PROFILE_SPECIFIER = "";
				"PROVISIONING_PROFILE_SPECIFIER[sdk=iphoneos*]" = "match AppStore com.likelion.MyMemory";
				SUPPORTED_PLATFORMS = "iphoneos iphonesimulator";
				SUPPORTS_MACCATALYST = NO;
				SUPPORTS_MAC_DESIGNED_FOR_IPHONE_IPAD = NO;
				SUPPORTS_XR_DESIGNED_FOR_IPHONE_IPAD = NO;
				SWIFT_EMIT_LOC_STRINGS = YES;
				SWIFT_VERSION = 5.0;
				TARGETED_DEVICE_FAMILY = 1;
			};
			name = Release;
		};
		DAB3156F2B43EFDD000357C7 /* Debug */ = {
			isa = XCBuildConfiguration;
			buildSettings = {
				ALWAYS_EMBED_SWIFT_STANDARD_LIBRARIES = YES;
				BUNDLE_LOADER = "$(TEST_HOST)";
				CODE_SIGN_STYLE = Automatic;
				CURRENT_PROJECT_VERSION = 13;
				DEVELOPMENT_TEAM = 7Y3Y9M4N4F;
				GENERATE_INFOPLIST_FILE = YES;
				IPHONEOS_DEPLOYMENT_TARGET = 17.2;
				MARKETING_VERSION = 1.0;
				PRODUCT_BUNDLE_IDENTIFIER = com.likelion.MyMemoryTests;
				PRODUCT_NAME = "$(TARGET_NAME)";
				SWIFT_EMIT_LOC_STRINGS = NO;
				SWIFT_VERSION = 5.0;
				TARGETED_DEVICE_FAMILY = "1,2";
				TEST_HOST = "$(BUILT_PRODUCTS_DIR)/MyMemory.app/$(BUNDLE_EXECUTABLE_FOLDER_PATH)/MyMemory";
			};
			name = Debug;
		};
		DAB315702B43EFDD000357C7 /* Release */ = {
			isa = XCBuildConfiguration;
			buildSettings = {
				ALWAYS_EMBED_SWIFT_STANDARD_LIBRARIES = YES;
				BUNDLE_LOADER = "$(TEST_HOST)";
				CODE_SIGN_STYLE = Automatic;
				CURRENT_PROJECT_VERSION = 13;
				DEVELOPMENT_TEAM = 7Y3Y9M4N4F;
				GENERATE_INFOPLIST_FILE = YES;
				IPHONEOS_DEPLOYMENT_TARGET = 17.2;
				MARKETING_VERSION = 1.0;
				PRODUCT_BUNDLE_IDENTIFIER = com.likelion.MyMemoryTests;
				PRODUCT_NAME = "$(TARGET_NAME)";
				SWIFT_EMIT_LOC_STRINGS = NO;
				SWIFT_VERSION = 5.0;
				TARGETED_DEVICE_FAMILY = "1,2";
				TEST_HOST = "$(BUILT_PRODUCTS_DIR)/MyMemory.app/$(BUNDLE_EXECUTABLE_FOLDER_PATH)/MyMemory";
			};
			name = Release;
		};
		DAB315722B43EFDD000357C7 /* Debug */ = {
			isa = XCBuildConfiguration;
			buildSettings = {
				ALWAYS_EMBED_SWIFT_STANDARD_LIBRARIES = YES;
				CODE_SIGN_IDENTITY = "Apple Development";
				CODE_SIGN_STYLE = Automatic;
				CURRENT_PROJECT_VERSION = 13;
				DEVELOPMENT_TEAM = 7Y3Y9M4N4F;
				GENERATE_INFOPLIST_FILE = YES;
				MARKETING_VERSION = 1.0;
				PRODUCT_BUNDLE_IDENTIFIER = com.likelion.MyMemoryUITests;
				PRODUCT_NAME = "$(TARGET_NAME)";
				PROVISIONING_PROFILE_SPECIFIER = "";
				SWIFT_EMIT_LOC_STRINGS = NO;
				SWIFT_VERSION = 5.0;
				TARGETED_DEVICE_FAMILY = "1,2";
				TEST_TARGET_NAME = MyMemory;
			};
			name = Debug;
		};
		DAB315732B43EFDD000357C7 /* Release */ = {
			isa = XCBuildConfiguration;
			buildSettings = {
				ALWAYS_EMBED_SWIFT_STANDARD_LIBRARIES = YES;
				CODE_SIGN_IDENTITY = "Apple Development";
				CODE_SIGN_STYLE = Automatic;
				CURRENT_PROJECT_VERSION = 13;
				DEVELOPMENT_TEAM = 7Y3Y9M4N4F;
				GENERATE_INFOPLIST_FILE = YES;
				MARKETING_VERSION = 1.0;
				PRODUCT_BUNDLE_IDENTIFIER = com.likelion.MyMemoryUITests;
				PRODUCT_NAME = "$(TARGET_NAME)";
				PROVISIONING_PROFILE_SPECIFIER = "";
				SWIFT_EMIT_LOC_STRINGS = NO;
				SWIFT_VERSION = 5.0;
				TARGETED_DEVICE_FAMILY = "1,2";
				TEST_TARGET_NAME = MyMemory;
			};
			name = Release;
		};
/* End XCBuildConfiguration section */

/* Begin XCConfigurationList section */
		DAB315422B43EFDB000357C7 /* Build configuration list for PBXProject "MyMemory" */ = {
			isa = XCConfigurationList;
			buildConfigurations = (
				DAB315692B43EFDD000357C7 /* Debug */,
				DAB3156A2B43EFDD000357C7 /* Release */,
			);
			defaultConfigurationIsVisible = 0;
			defaultConfigurationName = Release;
		};
		DAB3156B2B43EFDD000357C7 /* Build configuration list for PBXNativeTarget "MyMemory" */ = {
			isa = XCConfigurationList;
			buildConfigurations = (
				DAB3156C2B43EFDD000357C7 /* Debug */,
				DAB3156D2B43EFDD000357C7 /* Release */,
			);
			defaultConfigurationIsVisible = 0;
			defaultConfigurationName = Release;
		};
		DAB3156E2B43EFDD000357C7 /* Build configuration list for PBXNativeTarget "MyMemoryTests" */ = {
			isa = XCConfigurationList;
			buildConfigurations = (
				DAB3156F2B43EFDD000357C7 /* Debug */,
				DAB315702B43EFDD000357C7 /* Release */,
			);
			defaultConfigurationIsVisible = 0;
			defaultConfigurationName = Release;
		};
		DAB315712B43EFDD000357C7 /* Build configuration list for PBXNativeTarget "MyMemoryUITests" */ = {
			isa = XCConfigurationList;
			buildConfigurations = (
				DAB315722B43EFDD000357C7 /* Debug */,
				DAB315732B43EFDD000357C7 /* Release */,
			);
			defaultConfigurationIsVisible = 0;
			defaultConfigurationName = Release;
		};
/* End XCConfigurationList section */

/* Begin XCRemoteSwiftPackageReference section */
		DAB315762B43F48C000357C7 /* XCRemoteSwiftPackageReference "firebase-ios-sdk" */ = {
			isa = XCRemoteSwiftPackageReference;
			repositoryURL = "https://github.com/firebase/firebase-ios-sdk";
			requirement = {
				kind = upToNextMajorVersion;
				minimumVersion = 10.19.1;
			};
		};
/* End XCRemoteSwiftPackageReference section */

/* Begin XCSwiftPackageProductDependency section */
		DAB315772B43F48C000357C7 /* FirebaseAnalyticsWithoutAdIdSupport */ = {
			isa = XCSwiftPackageProductDependency;
			package = DAB315762B43F48C000357C7 /* XCRemoteSwiftPackageReference "firebase-ios-sdk" */;
			productName = FirebaseAnalyticsWithoutAdIdSupport;
		};
		DAB315792B43F48C000357C7 /* FirebaseAppDistribution-Beta */ = {
			isa = XCSwiftPackageProductDependency;
			package = DAB315762B43F48C000357C7 /* XCRemoteSwiftPackageReference "firebase-ios-sdk" */;
			productName = "FirebaseAppDistribution-Beta";
		};
		DAB3157B2B43F48C000357C7 /* FirebaseAuth */ = {
			isa = XCSwiftPackageProductDependency;
			package = DAB315762B43F48C000357C7 /* XCRemoteSwiftPackageReference "firebase-ios-sdk" */;
			productName = FirebaseAuth;
		};
		DAB3157D2B43F48C000357C7 /* FirebaseDatabase */ = {
			isa = XCSwiftPackageProductDependency;
			package = DAB315762B43F48C000357C7 /* XCRemoteSwiftPackageReference "firebase-ios-sdk" */;
			productName = FirebaseDatabase;
		};
		DAB3157F2B43F48C000357C7 /* FirebaseFirestore */ = {
			isa = XCSwiftPackageProductDependency;
			package = DAB315762B43F48C000357C7 /* XCRemoteSwiftPackageReference "firebase-ios-sdk" */;
			productName = FirebaseFirestore;
		};
/* End XCSwiftPackageProductDependency section */
	};
	rootObject = DAB3153F2B43EFDB000357C7 /* Project object */;
}
